
Microsoft Visual Studio Solution File, Format Version 12.00
# Visual Studio Version 17
VisualStudioVersion = 17.1.32210.238
MinimumVisualStudioVersion = 10.0.40219.1
Project("{FAE04EC0-301F-11D3-BF4B-00C04F79EFBC}") = "MovieApp", "MovieApp\MovieApp.csproj", "{C166872A-5541-4DE6-8C6E-C0FADC477DF8}"
EndProject
Global
	GlobalSection(SolutionConfigurationPlatforms) = preSolution
		Debug|Any CPU = Debug|Any CPU
		Release|Any CPU = Release|Any CPU
	EndGlobalSection
	GlobalSection(ProjectConfigurationPlatforms) = postSolution
		{C166872A-5541-4DE6-8C6E-C0FADC477DF8}.Debug|Any CPU.ActiveCfg = Debug|Any CPU
		{C166872A-5541-4DE6-8C6E-C0FADC477DF8}.Debug|Any CPU.Build.0 = Debug|Any CPU
		{C166872A-5541-4DE6-8C6E-C0FADC477DF8}.Release|Any CPU.ActiveCfg = Release|Any CPU
		{C166872A-5541-4DE6-8C6E-C0FADC477DF8}.Release|Any CPU.Build.0 = Release|Any CPU
	EndGlobalSection
	GlobalSection(SolutionProperties) = preSolution
		HideSolutionNode = FALSE
	EndGlobalSection
	GlobalSection(ExtensibilityGlobals) = postSolution
		SolutionGuid = {E5E7B9C6-2BC2-4026-873F-991EF2042EEB}
	EndGlobalSection
EndGlobal
